<?xml version="1.0" encoding="utf-8"?>
<Project ToolsVersion="4.0" xmlns="http://schemas.microsoft.com/developer/msbuild/2003">
  <ItemGroup>
    <ClCompile Include="Main.cpp" />
    <ClCompile Include="FuzzboxTest.cpp" />
    <ClCompile Include="SpinWordsTest.cpp" />
    <ClCompile Include="GetAverageTest.cpp" />
    <ClCompile Include="NarcissisticTest.cpp" />
    <ClCompile Include="TribonacciTest.cpp" />
    <ClCompile Include="CountSmileysTest.cpp" />
    <ClCompile Include="DigitalRoot.cpp" />
    <ClCompile Include="PrimeDecomp.cpp" />
    <ClCompile Include="DirReduction.cpp" />
    <ClCompile Include="productFib.cpp" />
    <ClCompile Include="BigNumberAdd.cpp" />
    <ClCompile Include="hamber.cpp" />
    <ClCompile Include="determinant.cpp" />
    <ClCompile Include="Mix.cpp" />
    <ClCompile Include="GapInPrimes.cpp" />
  </ItemGroup>
  <ItemGroup>
    <ClInclude Include="properties.h" />
  </ItemGroup>
</Project>