<?xml version="1.0" encoding="utf-8"?>
<Project ToolsVersion="4.0" xmlns="http://schemas.microsoft.com/developer/msbuild/2003">
  <ItemGroup>
    <ClCompile Include="CodeWars.cpp" />
    <ClCompile Include="Fuzzbox.cpp" />
    <ClCompile Include="Guitar.cpp" />
  </ItemGroup>
  <ItemGroup>
    <ClInclude Include="Fuzzbox.h" />
    <ClInclude Include="Guitar.h" />
    <ClInclude Include="SoundType.h" />
  </ItemGroup>
</Project>